
Microsoft Visual Studio Solution File, Format Version 12.00
Project("{FAE04EC0-301F-11D3-BF4B-00C04F79EFBC}") = "Chat.Api", "Chat.Api\Chat.Api.csproj", "{4D505FC4-DCF6-41CF-8AD9-FB9DCBA1150B}"
EndProject
Project("{FAE04EC0-301F-11D3-BF4B-00C04F79EFBC}") = "Chat.Infrastructure", "Chat.Infrastructure\Chat.Infrastructure.csproj", "{D84D510C-202F-4899-B991-62D047E9A1B0}"
EndProject
Project("{FAE04EC0-301F-11D3-BF4B-00C04F79EFBC}") = "Chat.Domain", "Chat.Domain\Chat.Domain.csproj", "{D6BC9EAA-622B-4ED4-B59C-72BA89AA1B20}"
EndProject
Project("{FAE04EC0-301F-11D3-BF4B-00C04F79EFBC}") = "Chat.Application", "Chat.Application\Chat.Application.csproj", "{E48570E0-B00C-4D35-AF68-B928E42A912C}"
EndProject
Project("{FAE04EC0-301F-11D3-BF4B-00C04F79EFBC}") = "Chat.BackgroundService", "Chat.BackgroundService\Chat.BackgroundService.csproj", "{AD87C0EE-E2E2-40E9-AEA5-C5A0C7D894C6}"
EndProject
Project("{FAE04EC0-301F-11D3-BF4B-00C04F79EFBC}") = "Chat.Common", "Chat.Common\Chat.Common.csproj", "{FE37F09C-D371-433F-AE27-6E206E61342A}"
EndProject
Global
	GlobalSection(SolutionConfigurationPlatforms) = preSolution
		Debug|Any CPU = Debug|Any CPU
		Release|Any CPU = Release|Any CPU
	EndGlobalSection
	GlobalSection(ProjectConfigurationPlatforms) = postSolution
		{4D505FC4-DCF6-41CF-8AD9-FB9DCBA1150B}.Debug|Any CPU.ActiveCfg = Debug|Any CPU
		{4D505FC4-DCF6-41CF-8AD9-FB9DCBA1150B}.Debug|Any CPU.Build.0 = Debug|Any CPU
		{4D505FC4-DCF6-41CF-8AD9-FB9DCBA1150B}.Release|Any CPU.ActiveCfg = Release|Any CPU
		{4D505FC4-DCF6-41CF-8AD9-FB9DCBA1150B}.Release|Any CPU.Build.0 = Release|Any CPU
		{D84D510C-202F-4899-B991-62D047E9A1B0}.Debug|Any CPU.ActiveCfg = Debug|Any CPU
		{D84D510C-202F-4899-B991-62D047E9A1B0}.Debug|Any CPU.Build.0 = Debug|Any CPU
		{D84D510C-202F-4899-B991-62D047E9A1B0}.Release|Any CPU.ActiveCfg = Release|Any CPU
		{D84D510C-202F-4899-B991-62D047E9A1B0}.Release|Any CPU.Build.0 = Release|Any CPU
		{D6BC9EAA-622B-4ED4-B59C-72BA89AA1B20}.Debug|Any CPU.ActiveCfg = Debug|Any CPU
		{D6BC9EAA-622B-4ED4-B59C-72BA89AA1B20}.Debug|Any CPU.Build.0 = Debug|Any CPU
		{D6BC9EAA-622B-4ED4-B59C-72BA89AA1B20}.Release|Any CPU.ActiveCfg = Release|Any CPU
		{D6BC9EAA-622B-4ED4-B59C-72BA89AA1B20}.Release|Any CPU.Build.0 = Release|Any CPU
		{E48570E0-B00C-4D35-AF68-B928E42A912C}.Debug|Any CPU.ActiveCfg = Debug|Any CPU
		{E48570E0-B00C-4D35-AF68-B928E42A912C}.Debug|Any CPU.Build.0 = Debug|Any CPU
		{E48570E0-B00C-4D35-AF68-B928E42A912C}.Release|Any CPU.ActiveCfg = Release|Any CPU
		{E48570E0-B00C-4D35-AF68-B928E42A912C}.Release|Any CPU.Build.0 = Release|Any CPU
		{AD87C0EE-E2E2-40E9-AEA5-C5A0C7D894C6}.Debug|Any CPU.ActiveCfg = Debug|Any CPU
		{AD87C0EE-E2E2-40E9-AEA5-C5A0C7D894C6}.Debug|Any CPU.Build.0 = Debug|Any CPU
		{AD87C0EE-E2E2-40E9-AEA5-C5A0C7D894C6}.Release|Any CPU.ActiveCfg = Release|Any CPU
		{AD87C0EE-E2E2-40E9-AEA5-C5A0C7D894C6}.Release|Any CPU.Build.0 = Release|Any CPU
		{FE37F09C-D371-433F-AE27-6E206E61342A}.Debug|Any CPU.ActiveCfg = Debug|Any CPU
		{FE37F09C-D371-433F-AE27-6E206E61342A}.Debug|Any CPU.Build.0 = Debug|Any CPU
		{FE37F09C-D371-433F-AE27-6E206E61342A}.Release|Any CPU.ActiveCfg = Release|Any CPU
		{FE37F09C-D371-433F-AE27-6E206E61342A}.Release|Any CPU.Build.0 = Release|Any CPU
	EndGlobalSection
EndGlobal
